# THIS IS AN AUTOGENERATED FILE. DO NOT EDIT THIS FILE DIRECTLY.
# yarn lockfile v1


"@babel/runtime@^7.10.5", "@babel/runtime@^7.7.2":
  version "7.24.1"
  resolved "https://registry.npmmirror.com/@babel/runtime/-/runtime-7.24.1.tgz#431f9a794d173b53720e69a6464abc6f0e2a5c57"
  integrity sha512-+BIznRzyqBf+2wCTxcKE3wDjfGeCoVE61KSHGpkzqrLi8qxqFwBeUFyId2cxkTmm55fzDGnm0+yCxaxygrLUnQ==
  dependencies:
    regenerator-runtime "^0.14.0"

import-html-entry@^1.15.1:
  version "1.15.2"
  resolved "https://registry.npmmirror.com/import-html-entry/-/import-html-entry-1.15.2.tgz#8cd276141c1d02fdec5ae1acdd328a19eab0fe61"
  integrity sha512-XXtXpGAq811qBgFVdOU6LoOC67rirwv7qwz/zuz1KxbpAM7QYX6kMvELOdSfhjZ9ntQnsdEOXT2zV7xMYaky6w==
  dependencies:
    "@babel/runtime" "^7.7.2"

lodash@^4.17.11:
  version "4.17.21"
  resolved "https://registry.npmmirror.com/lodash/-/lodash-4.17.21.tgz#679591c564c3bffaae8454cf0b3df370c3d6911c"
  integrity sha512-v2kDEe57lecTulaDIuNTPy3Ry4gLGJ6Z1O3vE1krgXZNrsQ+LFTGHVxVjcXPs17LhbZVGedAJv8XZ1tvj5FvSg==

qiankun@^2.10.16:
  version "2.10.16"
  resolved "https://registry.npmmirror.com/qiankun/-/qiankun-2.10.16.tgz#46a7ee69258ec0ce2a190dd548683cca71b7767a"
  integrity sha512-Q3tSVUrPnzx8ckEOKIoPnhb5LE28FPKyan/r6jEuGJGqTbIy+3rp6E2/KfU82ZI4yZpef9LFTrnxdj49jAEsmw==
  dependencies:
    "@babel/runtime" "^7.10.5"
    import-html-entry "^1.15.1"
    lodash "^4.17.11"
    single-spa "^5.9.2"

regenerator-runtime@^0.14.0:
  version "0.14.1"
  resolved "https://registry.npmmirror.com/regenerator-runtime/-/regenerator-runtime-0.14.1.tgz#356ade10263f685dda125100cd862c1db895327f"
  integrity sha512-dYnhHh0nJoMfnkZs6GmmhFknAGRrLznOu5nc9ML+EJxGvrx6H7teuevqVqCuPcPK//3eDrrjQhehXVx9cnkGdw==

single-spa@^5.9.2:
  version "5.9.5"
  resolved "https://registry.npmmirror.com/single-spa/-/single-spa-5.9.5.tgz#f47b3c91b009ebc3b224dd1086ef2b2dac524373"
  integrity sha512-9SQdmsyz4HSP+3gs6PJzhkaMEg+6zTlu9oxIghnwUX3eq+ajq4ft5egl0iyR55LAmO/UwvU8NgIWs/ZyQMa6dw==
